
Microsoft Visual Studio Solution File, Format Version 12.00
# Visual Studio Version 17
VisualStudioVersion = 17.2.32616.157
MinimumVisualStudioVersion = 10.0.40219.1
Project("{9A19103F-16F7-4668-BE54-9A1E7A4F7556}") = "DistributedCache", "DistributedCache\DistributedCache.csproj", "{91F38F4A-4101-4B11-8C9D-2EED4B62216C}"
EndProject
Project("{9A19103F-16F7-4668-BE54-9A1E7A4F7556}") = "redis-entity", "RedisEntity\redis-entity.csproj", "{E6BAF33B-4EC6-4B85-A6D3-39F1B21BF85C}"
EndProject
Global
	GlobalSection(SolutionConfigurationPlatforms) = preSolution
		Debug|Any CPU = Debug|Any CPU
		Release|Any CPU = Release|Any CPU
	EndGlobalSection
	GlobalSection(ProjectConfigurationPlatforms) = postSolution
		{91F38F4A-4101-4B11-8C9D-2EED4B62216C}.Debug|Any CPU.ActiveCfg = Debug|Any CPU
		{91F38F4A-4101-4B11-8C9D-2EED4B62216C}.Debug|Any CPU.Build.0 = Debug|Any CPU
		{91F38F4A-4101-4B11-8C9D-2EED4B62216C}.Release|Any CPU.ActiveCfg = Release|Any CPU
		{91F38F4A-4101-4B11-8C9D-2EED4B62216C}.Release|Any CPU.Build.0 = Release|Any CPU
		{E6BAF33B-4EC6-4B85-A6D3-39F1B21BF85C}.Debug|Any CPU.ActiveCfg = Debug|Any CPU
		{E6BAF33B-4EC6-4B85-A6D3-39F1B21BF85C}.Debug|Any CPU.Build.0 = Debug|Any CPU
		{E6BAF33B-4EC6-4B85-A6D3-39F1B21BF85C}.Release|Any CPU.ActiveCfg = Release|Any CPU
		{E6BAF33B-4EC6-4B85-A6D3-39F1B21BF85C}.Release|Any CPU.Build.0 = Release|Any CPU
	EndGlobalSection
	GlobalSection(SolutionProperties) = preSolution
		HideSolutionNode = FALSE
	EndGlobalSection
	GlobalSection(ExtensibilityGlobals) = postSolution
		SolutionGuid = {A71301FD-55D0-4F60-80A1-09EEB394EFA8}
	EndGlobalSection
EndGlobal
